
Microsoft Visual Studio Solution File, Format Version 12.00
# Visual Studio Version 16
VisualStudioVersion = 16.0.30330.147
MinimumVisualStudioVersion = 10.0.40219.1
Project("{9A19103F-16F7-4668-BE54-9A1E7A4F7556}") = "ReportGenerator", "ReportGenerator\ReportGenerator.csproj", "{F81BD028-E391-4B16-B4EF-4222DAA721BB}"
EndProject
Project("{FAE04EC0-301F-11D3-BF4B-00C04F79EFBC}") = "ReportGenerator.Tests", "ReportGenerator.Tests\ReportGenerator.Tests.csproj", "{AD17AE6B-57FF-458E-A151-10C3E7DBF8E0}"
EndProject
Global
	GlobalSection(SolutionConfigurationPlatforms) = preSolution
		Debug|Any CPU = Debug|Any CPU
		Release|Any CPU = Release|Any CPU
	EndGlobalSection
	GlobalSection(ProjectConfigurationPlatforms) = postSolution
		{F81BD028-E391-4B16-B4EF-4222DAA721BB}.Debug|Any CPU.ActiveCfg = Debug|Any CPU
		{F81BD028-E391-4B16-B4EF-4222DAA721BB}.Debug|Any CPU.Build.0 = Debug|Any CPU
		{F81BD028-E391-4B16-B4EF-4222DAA721BB}.Release|Any CPU.ActiveCfg = Release|Any CPU
		{F81BD028-E391-4B16-B4EF-4222DAA721BB}.Release|Any CPU.Build.0 = Release|Any CPU
		{AD17AE6B-57FF-458E-A151-10C3E7DBF8E0}.Debug|Any CPU.ActiveCfg = Debug|Any CPU
		{AD17AE6B-57FF-458E-A151-10C3E7DBF8E0}.Debug|Any CPU.Build.0 = Debug|Any CPU
		{AD17AE6B-57FF-458E-A151-10C3E7DBF8E0}.Release|Any CPU.ActiveCfg = Release|Any CPU
		{AD17AE6B-57FF-458E-A151-10C3E7DBF8E0}.Release|Any CPU.Build.0 = Release|Any CPU
	EndGlobalSection
	GlobalSection(SolutionProperties) = preSolution
		HideSolutionNode = FALSE
	EndGlobalSection
	GlobalSection(ExtensibilityGlobals) = postSolution
		SolutionGuid = {9071D348-64C7-4397-96B2-2B2C4E40F9D5}
	EndGlobalSection
EndGlobal
