
Microsoft Visual Studio Solution File, Format Version 12.00
# Visual Studio Version 16
VisualStudioVersion = 16.0.30330.147
MinimumVisualStudioVersion = 10.0.40219.1
Project("{FAE04EC0-301F-11D3-BF4B-00C04F79EFBC}") = "HRReportGenerator", "HRReportGenerator\HRReportGenerator.csproj", "{A469988A-0374-495C-AF1D-58C184F58BE9}"
EndProject
Project("{FAE04EC0-301F-11D3-BF4B-00C04F79EFBC}") = "HRReportGenerator.Tests", "HRReportGenerator.Tests\HRReportGenerator.Tests.csproj", "{7C8A2661-9278-46C7-B44F-3194F47B4A6B}"
EndProject
Global
	GlobalSection(SolutionConfigurationPlatforms) = preSolution
		Debug|Any CPU = Debug|Any CPU
		Release|Any CPU = Release|Any CPU
	EndGlobalSection
	GlobalSection(ProjectConfigurationPlatforms) = postSolution
		{A469988A-0374-495C-AF1D-58C184F58BE9}.Debug|Any CPU.ActiveCfg = Debug|Any CPU
		{A469988A-0374-495C-AF1D-58C184F58BE9}.Debug|Any CPU.Build.0 = Debug|Any CPU
		{A469988A-0374-495C-AF1D-58C184F58BE9}.Release|Any CPU.ActiveCfg = Release|Any CPU
		{A469988A-0374-495C-AF1D-58C184F58BE9}.Release|Any CPU.Build.0 = Release|Any CPU
		{7C8A2661-9278-46C7-B44F-3194F47B4A6B}.Debug|Any CPU.ActiveCfg = Debug|Any CPU
		{7C8A2661-9278-46C7-B44F-3194F47B4A6B}.Debug|Any CPU.Build.0 = Debug|Any CPU
		{7C8A2661-9278-46C7-B44F-3194F47B4A6B}.Release|Any CPU.ActiveCfg = Release|Any CPU
		{7C8A2661-9278-46C7-B44F-3194F47B4A6B}.Release|Any CPU.Build.0 = Release|Any CPU
	EndGlobalSection
	GlobalSection(SolutionProperties) = preSolution
		HideSolutionNode = FALSE
	EndGlobalSection
	GlobalSection(ExtensibilityGlobals) = postSolution
		SolutionGuid = {6A8473AF-2835-4EA1-95CC-AABBCC2C2F19}
	EndGlobalSection
EndGlobal
