
Microsoft Visual Studio Solution File, Format Version 12.00
# Visual Studio Version 16
VisualStudioVersion = 16.0.30330.147
MinimumVisualStudioVersion = 10.0.40219.1
Project("{FAE04EC0-301F-11D3-BF4B-00C04F79EFBC}") = "AnnualReportBuilder", "AnnualReportBuilder\AnnualReportBuilder.csproj", "{641BAD33-85B3-463D-88B5-09327EF47198}"
EndProject
Project("{FAE04EC0-301F-11D3-BF4B-00C04F79EFBC}") = "AnnualReportBuilder.Tests", "AnnualReportBuilder.Tests\AnnualReportBuilder.Tests.csproj", "{A9D31BEC-4197-4684-BB4E-1DB1C5C4C021}"
EndProject
Global
	GlobalSection(SolutionConfigurationPlatforms) = preSolution
		Debug|Any CPU = Debug|Any CPU
		Release|Any CPU = Release|Any CPU
	EndGlobalSection
	GlobalSection(ProjectConfigurationPlatforms) = postSolution
		{641BAD33-85B3-463D-88B5-09327EF47198}.Debug|Any CPU.ActiveCfg = Debug|Any CPU
		{641BAD33-85B3-463D-88B5-09327EF47198}.Debug|Any CPU.Build.0 = Debug|Any CPU
		{641BAD33-85B3-463D-88B5-09327EF47198}.Release|Any CPU.ActiveCfg = Release|Any CPU
		{641BAD33-85B3-463D-88B5-09327EF47198}.Release|Any CPU.Build.0 = Release|Any CPU
		{A9D31BEC-4197-4684-BB4E-1DB1C5C4C021}.Debug|Any CPU.ActiveCfg = Debug|Any CPU
		{A9D31BEC-4197-4684-BB4E-1DB1C5C4C021}.Debug|Any CPU.Build.0 = Debug|Any CPU
		{A9D31BEC-4197-4684-BB4E-1DB1C5C4C021}.Release|Any CPU.ActiveCfg = Release|Any CPU
		{A9D31BEC-4197-4684-BB4E-1DB1C5C4C021}.Release|Any CPU.Build.0 = Release|Any CPU
	EndGlobalSection
	GlobalSection(SolutionProperties) = preSolution
		HideSolutionNode = FALSE
	EndGlobalSection
	GlobalSection(ExtensibilityGlobals) = postSolution
		SolutionGuid = {E7347F3A-457E-4E72-8132-D16E6EF92177}
	EndGlobalSection
EndGlobal
